github.com/beevik/etree v1.1.0 h1:T0xke/WvNtMoCqgzPhkX2r4rjY3GDZFi+FjpRZY2Jbs=
github.com/beevik/etree v1.1.0/go.mod h1:r8Aw8JqVegEf0w2fDnATrX9VpkMcyFeM0FhwO62wh+A=
github.com/rosbit/go-wget v1.2.5 h1:XQFUwTJR8HDwYvxYH8X0cq3BkN1BOMoADc92KKp9Pcs=
github.com/rosbit/go-wget v1.2.5/go.mod h1:8Tt92GKM/K9WI65yYkX0lwJDnRp64Vd082ojViWT6T4=
