github.com/beevik/etree v1.1.0 h1:T0xke/WvNtMoCqgzPhkX2r4rjY3GDZFi+FjpRZY2Jbs=
github.com/beevik/etree v1.1.0/go.mod h1:r8Aw8JqVegEf0w2fDnATrX9VpkMcyFeM0FhwO62wh+A=
github.com/mroth/weightedrand v0.4.1 h1:rHcbUBopmi/3x4nnrvwGJBhX9d0vk+KgoLUZeDP6YyI=
github.com/mroth/weightedrand v0.4.1/go.mod h1:3p2SIcC8al1YMzGhAIoXD+r9olo/g/cdJgAD905gyNE=
github.com/rosbit/gnet v0.2.0 h1:lu9TMoagncmf7YWqHlR4CCfmkCdlJDsShx1DN3ZSQx0=
github.com/rosbit/gnet v0.2.0/go.mod h1:lnAsUvFsBjdpvA+9FU7xSm7xlf52yhdr8iMu+oUOKow=
github.com/rosbit/reader-logger v0.1.1 h1:ARzVlezh7D49iyemHgiOnLDJnhNtS0bFkYCdhLCoo9g=
github.com/rosbit/reader-logger v0.1.1/go.mod h1:oOiaR7g4igbkceD9HUTGViwhE1A8eI2xHnNyWiik+MM=
